// !$*UTF8*$!
{
	archiveVersion = 1;
	classes = {
	};
	objectVersion = 50;
	objects = {

/* Begin PBXBuildFile section */
		0D28F9CF332950B74029E10E /* Pods_khala_iOSTests.framework in Frameworks */ = {isa = PBXBuildFile; fileRef = B4D476C696C33F0055C1129E /* Pods_khala_iOSTests.framework */; };
		A6C4F780399D4EC3B55E2157 /* Pods_khala_iOS.framework in Frameworks */ = {isa = PBXBuildFile; fileRef = F80C15A207FF6F64E47357CB /* Pods_khala_iOS.framework */; };
		CDD4F7E721D226E500FCD6A4 /* khala_iOSTests.swift in Sources */ = {isa = PBXBuildFile; fileRef = CDD4F7E621D226E500FCD6A4 /* khala_iOSTests.swift */; };
		CDD4F7EF21D2270800FCD6A4 /* SwiftClass.swift in Sources */ = {isa = PBXBuildFile; fileRef = CDD4F7EE21D2270800FCD6A4 /* SwiftClass.swift */; };
		CDE4ECF021C1120C00AEED27 /* AppDelegate.swift in Sources */ = {isa = PBXBuildFile; fileRef = CDE4ECEF21C1120C00AEED27 /* AppDelegate.swift */; };
		CDE4ECF221C1120C00AEED27 /* ViewController.swift in Sources */ = {isa = PBXBuildFile; fileRef = CDE4ECF121C1120C00AEED27 /* ViewController.swift */; };
		CDE4ECF521C1120C00AEED27 /* Main.storyboard in Resources */ = {isa = PBXBuildFile; fileRef = CDE4ECF321C1120C00AEED27 /* Main.storyboard */; };
		CDE4ECF721C1120E00AEED27 /* Assets.xcassets in Resources */ = {isa = PBXBuildFile; fileRef = CDE4ECF621C1120E00AEED27 /* Assets.xcassets */; };
		CDE4ECFA21C1120E00AEED27 /* LaunchScreen.storyboard in Resources */ = {isa = PBXBuildFile; fileRef = CDE4ECF821C1120E00AEED27 /* LaunchScreen.storyboard */; };
/* End PBXBuildFile section */

/* Begin PBXContainerItemProxy section */
		CDD4F7E921D226E500FCD6A4 /* PBXContainerItemProxy */ = {
			isa = PBXContainerItemProxy;
			containerPortal = CDF4058C21A29ABD003758C2 /* Project object */;
			proxyType = 1;
			remoteGlobalIDString = CDE4ECEC21C1120C00AEED27;
			remoteInfo = khala.iOS;
		};
/* End PBXContainerItemProxy section */

/* Begin PBXFileReference section */
		282C98EEC8605A0C148ACD5A /* Pods-khala.swift.release.xcconfig */ = {isa = PBXFileReference; includeInIndex = 1; lastKnownFileType = text.xcconfig; name = "Pods-khala.swift.release.xcconfig"; path = "Pods/Target Support Files/Pods-khala.swift/Pods-khala.swift.release.xcconfig"; sourceTree = "<group>"; };
		34D1F90C49537E99CDFC5683 /* Pods-khala.iOSTests.debug.xcconfig */ = {isa = PBXFileReference; includeInIndex = 1; lastKnownFileType = text.xcconfig; name = "Pods-khala.iOSTests.debug.xcconfig"; path = "Pods/Target Support Files/Pods-khala.iOSTests/Pods-khala.iOSTests.debug.xcconfig"; sourceTree = "<group>"; };
		36AB1F43A0F16742CB94301F /* Pods-khala.iOSTests.release.xcconfig */ = {isa = PBXFileReference; includeInIndex = 1; lastKnownFileType = text.xcconfig; name = "Pods-khala.iOSTests.release.xcconfig"; path = "Pods/Target Support Files/Pods-khala.iOSTests/Pods-khala.iOSTests.release.xcconfig"; sourceTree = "<group>"; };
		485C404C7F7135058936AA56 /* Pods-khala.iOS.release.xcconfig */ = {isa = PBXFileReference; includeInIndex = 1; lastKnownFileType = text.xcconfig; name = "Pods-khala.iOS.release.xcconfig"; path = "Pods/Target Support Files/Pods-khala.iOS/Pods-khala.iOS.release.xcconfig"; sourceTree = "<group>"; };
		53771BB5D84A6BA243061641 /* Pods-khala.swift.debug.xcconfig */ = {isa = PBXFileReference; includeInIndex = 1; lastKnownFileType = text.xcconfig; name = "Pods-khala.swift.debug.xcconfig"; path = "Pods/Target Support Files/Pods-khala.swift/Pods-khala.swift.debug.xcconfig"; sourceTree = "<group>"; };
		6562C60932AEBF47611E4F67 /* Pods_khala_objc.framework */ = {isa = PBXFileReference; explicitFileType = wrapper.framework; includeInIndex = 0; path = Pods_khala_objc.framework; sourceTree = BUILT_PRODUCTS_DIR; };
		65F6F321BE424BDBD6DB06A5 /* Pods-khala.swift.tests.debug.xcconfig */ = {isa = PBXFileReference; includeInIndex = 1; lastKnownFileType = text.xcconfig; name = "Pods-khala.swift.tests.debug.xcconfig"; path = "Pods/Target Support Files/Pods-khala.swift.tests/Pods-khala.swift.tests.debug.xcconfig"; sourceTree = "<group>"; };
		B1E2DE5396537E2E553E0858 /* Pods-khala.objc.debug.xcconfig */ = {isa = PBXFileReference; includeInIndex = 1; lastKnownFileType = text.xcconfig; name = "Pods-khala.objc.debug.xcconfig"; path = "Pods/Target Support Files/Pods-khala.objc/Pods-khala.objc.debug.xcconfig"; sourceTree = "<group>"; };
		B4D476C696C33F0055C1129E /* Pods_khala_iOSTests.framework */ = {isa = PBXFileReference; explicitFileType = wrapper.framework; includeInIndex = 0; path = Pods_khala_iOSTests.framework; sourceTree = BUILT_PRODUCTS_DIR; };
		BECBB315437BF3DC6281983B /* Pods_khala_swift.framework */ = {isa = PBXFileReference; explicitFileType = wrapper.framework; includeInIndex = 0; path = Pods_khala_swift.framework; sourceTree = BUILT_PRODUCTS_DIR; };
		C86B70342F24B3DB2586AD56 /* Pods-khala.iOS.debug.xcconfig */ = {isa = PBXFileReference; includeInIndex = 1; lastKnownFileType = text.xcconfig; name = "Pods-khala.iOS.debug.xcconfig"; path = "Pods/Target Support Files/Pods-khala.iOS/Pods-khala.iOS.debug.xcconfig"; sourceTree = "<group>"; };
		CD15FA0E21C9E37400CDA15E /* .travis.yml */ = {isa = PBXFileReference; fileEncoding = 4; lastKnownFileType = text; name = .travis.yml; path = ../.travis.yml; sourceTree = "<group>"; };
		CDD21E6221AE41C60008020F /* Khala.podspec */ = {isa = PBXFileReference; fileEncoding = 4; lastKnownFileType = text; name = Khala.podspec; path = ../Khala.podspec; sourceTree = "<group>"; xcLanguageSpecificationIdentifier = xcode.lang.ruby; };
		CDD21E7F21AFDFBE0008020F /* LICENSE */ = {isa = PBXFileReference; fileEncoding = 4; lastKnownFileType = text; name = LICENSE; path = ../LICENSE; sourceTree = "<group>"; };
		CDD4F7E421D226E500FCD6A4 /* khala.iOSTests.xctest */ = {isa = PBXFileReference; explicitFileType = wrapper.cfbundle; includeInIndex = 0; path = khala.iOSTests.xctest; sourceTree = BUILT_PRODUCTS_DIR; };
		CDD4F7E621D226E500FCD6A4 /* khala_iOSTests.swift */ = {isa = PBXFileReference; lastKnownFileType = sourcecode.swift; path = khala_iOSTests.swift; sourceTree = "<group>"; };
		CDD4F7E821D226E500FCD6A4 /* Info.plist */ = {isa = PBXFileReference; lastKnownFileType = text.plist.xml; path = Info.plist; sourceTree = "<group>"; };
		CDD4F7EE21D2270800FCD6A4 /* SwiftClass.swift */ = {isa = PBXFileReference; fileEncoding = 4; lastKnownFileType = sourcecode.swift; path = SwiftClass.swift; sourceTree = "<group>"; };
		CDE4ECED21C1120C00AEED27 /* khala.iOS.app */ = {isa = PBXFileReference; explicitFileType = wrapper.application; includeInIndex = 0; path = khala.iOS.app; sourceTree = BUILT_PRODUCTS_DIR; };
		CDE4ECEF21C1120C00AEED27 /* AppDelegate.swift */ = {isa = PBXFileReference; lastKnownFileType = sourcecode.swift; path = AppDelegate.swift; sourceTree = "<group>"; };
		CDE4ECF121C1120C00AEED27 /* ViewController.swift */ = {isa = PBXFileReference; lastKnownFileType = sourcecode.swift; path = ViewController.swift; sourceTree = "<group>"; };
		CDE4ECF421C1120C00AEED27 /* Base */ = {isa = PBXFileReference; lastKnownFileType = file.storyboard; name = Base; path = Base.lproj/Main.storyboard; sourceTree = "<group>"; };
		CDE4ECF621C1120E00AEED27 /* Assets.xcassets */ = {isa = PBXFileReference; lastKnownFileType = folder.assetcatalog; path = Assets.xcassets; sourceTree = "<group>"; };
		CDE4ECF921C1120E00AEED27 /* Base */ = {isa = PBXFileReference; lastKnownFileType = file.storyboard; name = Base; path = Base.lproj/LaunchScreen.storyboard; sourceTree = "<group>"; };
		CDE4ECFB21C1120E00AEED27 /* Info.plist */ = {isa = PBXFileReference; lastKnownFileType = text.plist.xml; path = Info.plist; sourceTree = "<group>"; };
		D691EE50F2CB78EBDD0BEF4D /* Pods_khala_swift_tests.framework */ = {isa = PBXFileReference; explicitFileType = wrapper.framework; includeInIndex = 0; path = Pods_khala_swift_tests.framework; sourceTree = BUILT_PRODUCTS_DIR; };
		ED259429A9D762E9FD1326A0 /* Pods-khala.swift.tests.release.xcconfig */ = {isa = PBXFileReference; includeInIndex = 1; lastKnownFileType = text.xcconfig; name = "Pods-khala.swift.tests.release.xcconfig"; path = "Pods/Target Support Files/Pods-khala.swift.tests/Pods-khala.swift.tests.release.xcconfig"; sourceTree = "<group>"; };
		F80C15A207FF6F64E47357CB /* Pods_khala_iOS.framework */ = {isa = PBXFileReference; explicitFileType = wrapper.framework; includeInIndex = 0; path = Pods_khala_iOS.framework; sourceTree = BUILT_PRODUCTS_DIR; };
		FB1FAA92BD948173BD425589 /* Pods-khala.objc.release.xcconfig */ = {isa = PBXFileReference; includeInIndex = 1; lastKnownFileType = text.xcconfig; name = "Pods-khala.objc.release.xcconfig"; path = "Pods/Target Support Files/Pods-khala.objc/Pods-khala.objc.release.xcconfig"; sourceTree = "<group>"; };
/* End PBXFileReference section */

/* Begin PBXFrameworksBuildPhase section */
		CDD4F7E121D226E500FCD6A4 /* Frameworks */ = {
			isa = PBXFrameworksBuildPhase;
			buildActionMask = 2147483647;
			files = (
				0D28F9CF332950B74029E10E /* Pods_khala_iOSTests.framework in Frameworks */,
			);
			runOnlyForDeploymentPostprocessing = 0;
		};
		CDE4ECEA21C1120C00AEED27 /* Frameworks */ = {
			isa = PBXFrameworksBuildPhase;
			buildActionMask = 2147483647;
			files = (
				A6C4F780399D4EC3B55E2157 /* Pods_khala_iOS.framework in Frameworks */,
			);
			runOnlyForDeploymentPostprocessing = 0;
		};
/* End PBXFrameworksBuildPhase section */

/* Begin PBXGroup section */
		00C39290012BA3BDB51E0980 /* Frameworks */ = {
			isa = PBXGroup;
			children = (
				6562C60932AEBF47611E4F67 /* Pods_khala_objc.framework */,
				BECBB315437BF3DC6281983B /* Pods_khala_swift.framework */,
				D691EE50F2CB78EBDD0BEF4D /* Pods_khala_swift_tests.framework */,
				F80C15A207FF6F64E47357CB /* Pods_khala_iOS.framework */,
				B4D476C696C33F0055C1129E /* Pods_khala_iOSTests.framework */,
			);
			name = Frameworks;
			sourceTree = "<group>";
		};
		409EFFC9FC8C8221AB0936E6 /* Pods */ = {
			isa = PBXGroup;
			children = (
				B1E2DE5396537E2E553E0858 /* Pods-khala.objc.debug.xcconfig */,
				FB1FAA92BD948173BD425589 /* Pods-khala.objc.release.xcconfig */,
				53771BB5D84A6BA243061641 /* Pods-khala.swift.debug.xcconfig */,
				282C98EEC8605A0C148ACD5A /* Pods-khala.swift.release.xcconfig */,
				C86B70342F24B3DB2586AD56 /* Pods-khala.iOS.debug.xcconfig */,
				485C404C7F7135058936AA56 /* Pods-khala.iOS.release.xcconfig */,
				65F6F321BE424BDBD6DB06A5 /* Pods-khala.swift.tests.debug.xcconfig */,
				ED259429A9D762E9FD1326A0 /* Pods-khala.swift.tests.release.xcconfig */,
				34D1F90C49537E99CDFC5683 /* Pods-khala.iOSTests.debug.xcconfig */,
				36AB1F43A0F16742CB94301F /* Pods-khala.iOSTests.release.xcconfig */,
			);
			name = Pods;
			sourceTree = "<group>";
		};
		CDD4F7E521D226E500FCD6A4 /* khala.iOSTests */ = {
			isa = PBXGroup;
			children = (
				CDD4F7E621D226E500FCD6A4 /* khala_iOSTests.swift */,
				CDD4F7EE21D2270800FCD6A4 /* SwiftClass.swift */,
				CDD4F7E821D226E500FCD6A4 /* Info.plist */,
			);
			path = khala.iOSTests;
			sourceTree = "<group>";
		};
		CDE4ECEE21C1120C00AEED27 /* khala.iOS */ = {
			isa = PBXGroup;
			children = (
				CDE4ECEF21C1120C00AEED27 /* AppDelegate.swift */,
				CDE4ECF121C1120C00AEED27 /* ViewController.swift */,
				CDE4ECF321C1120C00AEED27 /* Main.storyboard */,
				CDE4ECF621C1120E00AEED27 /* Assets.xcassets */,
				CDE4ECF821C1120E00AEED27 /* LaunchScreen.storyboard */,
				CDE4ECFB21C1120E00AEED27 /* Info.plist */,
			);
			path = khala.iOS;
			sourceTree = "<group>";
		};
		CDF4058B21A29ABD003758C2 = {
			isa = PBXGroup;
			children = (
				CD15FA0E21C9E37400CDA15E /* .travis.yml */,
				CDD21E7F21AFDFBE0008020F /* LICENSE */,
				CDD21E6221AE41C60008020F /* Khala.podspec */,
				CDE4ECEE21C1120C00AEED27 /* khala.iOS */,
				CDD4F7E521D226E500FCD6A4 /* khala.iOSTests */,
				CDF4059521A29ABD003758C2 /* Products */,
				409EFFC9FC8C8221AB0936E6 /* Pods */,
				00C39290012BA3BDB51E0980 /* Frameworks */,
			);
			sourceTree = "<group>";
		};
		CDF4059521A29ABD003758C2 /* Products */ = {
			isa = PBXGroup;
			children = (
				CDE4ECED21C1120C00AEED27 /* khala.iOS.app */,
				CDD4F7E421D226E500FCD6A4 /* khala.iOSTests.xctest */,
			);
			name = Products;
			sourceTree = "<group>";
		};
/* End PBXGroup section */

/* Begin PBXNativeTarget section */
		CDD4F7E321D226E500FCD6A4 /* khala.iOSTests */ = {
			isa = PBXNativeTarget;
			buildConfigurationList = CDD4F7EB21D226E500FCD6A4 /* Build configuration list for PBXNativeTarget "khala.iOSTests" */;
			buildPhases = (
				A4FDB925D3BB91141BB421A0 /* [CP] Check Pods Manifest.lock */,
				CDD4F7E021D226E500FCD6A4 /* Sources */,
				CDD4F7E121D226E500FCD6A4 /* Frameworks */,
				CDD4F7E221D226E500FCD6A4 /* Resources */,
				A1CC50289CDA416E3412973F /* [CP] Embed Pods Frameworks */,
			);
			buildRules = (
			);
			dependencies = (
				CDD4F7EA21D226E500FCD6A4 /* PBXTargetDependency */,
			);
			name = khala.iOSTests;
			productName = khala.iOSTests;
			productReference = CDD4F7E421D226E500FCD6A4 /* khala.iOSTests.xctest */;
			productType = "com.apple.product-type.bundle.unit-test";
		};
		CDE4ECEC21C1120C00AEED27 /* khala.iOS */ = {
			isa = PBXNativeTarget;
			buildConfigurationList = CDE4ECFE21C1120E00AEED27 /* Build configuration list for PBXNativeTarget "khala.iOS" */;
			buildPhases = (
				0ADCCC309FCB5DD25239BC19 /* [CP] Check Pods Manifest.lock */,
				CDE4ECE921C1120C00AEED27 /* Sources */,
				CDE4ECEA21C1120C00AEED27 /* Frameworks */,
				CDE4ECEB21C1120C00AEED27 /* Resources */,
				703B1023EEF5FBA7B60217C7 /* [CP] Embed Pods Frameworks */,
			);
			buildRules = (
			);
			dependencies = (
			);
			name = khala.iOS;
			productName = khala.iOS;
			productReference = CDE4ECED21C1120C00AEED27 /* khala.iOS.app */;
			productType = "com.apple.product-type.application";
		};
/* End PBXNativeTarget section */

/* Begin PBXProject section */
		CDF4058C21A29ABD003758C2 /* Project object */ = {
			isa = PBXProject;
			attributes = {
				LastSwiftUpdateCheck = 1010;
				LastUpgradeCheck = 1010;
				ORGANIZATIONNAME = www.linhey.com;
				TargetAttributes = {
					CDD4F7E321D226E500FCD6A4 = {
						CreatedOnToolsVersion = 10.1;
						TestTargetID = CDE4ECEC21C1120C00AEED27;
					};
					CDE4ECEC21C1120C00AEED27 = {
						CreatedOnToolsVersion = 10.1;
					};
				};
			};
			buildConfigurationList = CDF4058F21A29ABD003758C2 /* Build configuration list for PBXProject "Khala" */;
			compatibilityVersion = "Xcode 9.3";
			developmentRegion = en;
			hasScannedForEncodings = 0;
			knownRegions = (
				en,
				Base,
			);
			mainGroup = CDF4058B21A29ABD003758C2;
			productRefGroup = CDF4059521A29ABD003758C2 /* Products */;
			projectDirPath = "";
			projectRoot = "";
			targets = (
				CDE4ECEC21C1120C00AEED27 /* khala.iOS */,
				CDD4F7E321D226E500FCD6A4 /* khala.iOSTests */,
			);
		};
/* End PBXProject section */

/* Begin PBXResourcesBuildPhase section */
		CDD4F7E221D226E500FCD6A4 /* Resources */ = {
			isa = PBXResourcesBuildPhase;
			buildActionMask = 2147483647;
			files = (
			);
			runOnlyForDeploymentPostprocessing = 0;
		};
		CDE4ECEB21C1120C00AEED27 /* Resources */ = {
			isa = PBXResourcesBuildPhase;
			buildActionMask = 2147483647;
			files = (
				CDE4ECFA21C1120E00AEED27 /* LaunchScreen.storyboard in Resources */,
				CDE4ECF721C1120E00AEED27 /* Assets.xcassets in Resources */,
				CDE4ECF521C1120C00AEED27 /* Main.storyboard in Resources */,
			);
			runOnlyForDeploymentPostprocessing = 0;
		};
/* End PBXResourcesBuildPhase section */

/* Begin PBXShellScriptBuildPhase section */
		0ADCCC309FCB5DD25239BC19 /* [CP] Check Pods Manifest.lock */ = {
			isa = PBXShellScriptBuildPhase;
			buildActionMask = 2147483647;
			files = (
			);
			inputFileListPaths = (
			);
			inputPaths = (
				"${PODS_PODFILE_DIR_PATH}/Podfile.lock",
				"${PODS_ROOT}/Manifest.lock",
			);
			name = "[CP] Check Pods Manifest.lock";
			outputFileListPaths = (
			);
			outputPaths = (
				"$(DERIVED_FILE_DIR)/Pods-khala.iOS-checkManifestLockResult.txt",
			);
			runOnlyForDeploymentPostprocessing = 0;
			shellPath = /bin/sh;
			shellScript = "diff \"${PODS_PODFILE_DIR_PATH}/Podfile.lock\" \"${PODS_ROOT}/Manifest.lock\" > /dev/null\nif [ $? != 0 ] ; then\n    # print error to STDERR\n    echo \"error: The sandbox is not in sync with the Podfile.lock. Run 'pod install' or update your CocoaPods installation.\" >&2\n    exit 1\nfi\n# This output is used by Xcode 'outputs' to avoid re-running this script phase.\necho \"SUCCESS\" > \"${SCRIPT_OUTPUT_FILE_0}\"\n";
			showEnvVarsInLog = 0;
		};
		703B1023EEF5FBA7B60217C7 /* [CP] Embed Pods Frameworks */ = {
			isa = PBXShellScriptBuildPhase;
			buildActionMask = 2147483647;
			files = (
			);
			inputFileListPaths = (
			);
			inputPaths = (
				"${SRCROOT}/Pods/Target Support Files/Pods-khala.iOS/Pods-khala.iOS-frameworks.sh",
				"${BUILT_PRODUCTS_DIR}/AModule/AModule.framework",
				"${BUILT_PRODUCTS_DIR}/BModule/BModule.framework",
				"${BUILT_PRODUCTS_DIR}/DarkTemplar/DarkTemplar.framework",
				"${BUILT_PRODUCTS_DIR}/Khala/Khala.framework",
				"${BUILT_PRODUCTS_DIR}/KhalaStore/KhalaStore.framework",
			);
			name = "[CP] Embed Pods Frameworks";
			outputFileListPaths = (
			);
			outputPaths = (
				"${TARGET_BUILD_DIR}/${FRAMEWORKS_FOLDER_PATH}/AModule.framework",
				"${TARGET_BUILD_DIR}/${FRAMEWORKS_FOLDER_PATH}/BModule.framework",
				"${TARGET_BUILD_DIR}/${FRAMEWORKS_FOLDER_PATH}/DarkTemplar.framework",
				"${TARGET_BUILD_DIR}/${FRAMEWORKS_FOLDER_PATH}/Khala.framework",
				"${TARGET_BUILD_DIR}/${FRAMEWORKS_FOLDER_PATH}/KhalaStore.framework",
			);
			runOnlyForDeploymentPostprocessing = 0;
			shellPath = /bin/sh;
			shellScript = "\"${SRCROOT}/Pods/Target Support Files/Pods-khala.iOS/Pods-khala.iOS-frameworks.sh\"\n";
			showEnvVarsInLog = 0;
		};
		A1CC50289CDA416E3412973F /* [CP] Embed Pods Frameworks */ = {
			isa = PBXShellScriptBuildPhase;
			buildActionMask = 2147483647;
			files = (
			);
			inputFileListPaths = (
			);
			inputPaths = (
				"${SRCROOT}/Pods/Target Support Files/Pods-khala.iOSTests/Pods-khala.iOSTests-frameworks.sh",
				"${BUILT_PRODUCTS_DIR}/DarkTemplar/DarkTemplar.framework",
				"${BUILT_PRODUCTS_DIR}/Khala/Khala.framework",
			);
			name = "[CP] Embed Pods Frameworks";
			outputFileListPaths = (
			);
			outputPaths = (
				"${TARGET_BUILD_DIR}/${FRAMEWORKS_FOLDER_PATH}/DarkTemplar.framework",
				"${TARGET_BUILD_DIR}/${FRAMEWORKS_FOLDER_PATH}/Khala.framework",
			);
			runOnlyForDeploymentPostprocessing = 0;
			shellPath = /bin/sh;
			shellScript = "\"${SRCROOT}/Pods/Target Support Files/Pods-khala.iOSTests/Pods-khala.iOSTests-frameworks.sh\"\n";
			showEnvVarsInLog = 0;
		};
		A4FDB925D3BB91141BB421A0 /* [CP] Check Pods Manifest.lock */ = {
			isa = PBXShellScriptBuildPhase;
			buildActionMask = 2147483647;
			files = (
			);
			inputFileListPaths = (
			);
			inputPaths = (
				"${PODS_PODFILE_DIR_PATH}/Podfile.lock",
				"${PODS_ROOT}/Manifest.lock",
			);
			name = "[CP] Check Pods Manifest.lock";
			outputFileListPaths = (
			);
			outputPaths = (
				"$(DERIVED_FILE_DIR)/Pods-khala.iOSTests-checkManifestLockResult.txt",
			);
			runOnlyForDeploymentPostprocessing = 0;
			shellPath = /bin/sh;
			shellScript = "diff \"${PODS_PODFILE_DIR_PATH}/Podfile.lock\" \"${PODS_ROOT}/Manifest.lock\" > /dev/null\nif [ $? != 0 ] ; then\n    # print error to STDERR\n    echo \"error: The sandbox is not in sync with the Podfile.lock. Run 'pod install' or update your CocoaPods installation.\" >&2\n    exit 1\nfi\n# This output is used by Xcode 'outputs' to avoid re-running this script phase.\necho \"SUCCESS\" > \"${SCRIPT_OUTPUT_FILE_0}\"\n";
			showEnvVarsInLog = 0;
		};
/* End PBXShellScriptBuildPhase section */

/* Begin PBXSourcesBuildPhase section */
		CDD4F7E021D226E500FCD6A4 /* Sources */ = {
			isa = PBXSourcesBuildPhase;
			buildActionMask = 2147483647;
			files = (
				CDD4F7EF21D2270800FCD6A4 /* SwiftClass.swift in Sources */,
				CDD4F7E721D226E500FCD6A4 /* khala_iOSTests.swift in Sources */,
			);
			runOnlyForDeploymentPostprocessing = 0;
		};
		CDE4ECE921C1120C00AEED27 /* Sources */ = {
			isa = PBXSourcesBuildPhase;
			buildActionMask = 2147483647;
			files = (
				CDE4ECF221C1120C00AEED27 /* ViewController.swift in Sources */,
				CDE4ECF021C1120C00AEED27 /* AppDelegate.swift in Sources */,
			);
			runOnlyForDeploymentPostprocessing = 0;
		};
/* End PBXSourcesBuildPhase section */

/* Begin PBXTargetDependency section */
		CDD4F7EA21D226E500FCD6A4 /* PBXTargetDependency */ = {
			isa = PBXTargetDependency;
			target = CDE4ECEC21C1120C00AEED27 /* khala.iOS */;
			targetProxy = CDD4F7E921D226E500FCD6A4 /* PBXContainerItemProxy */;
		};
/* End PBXTargetDependency section */

/* Begin PBXVariantGroup section */
		CDE4ECF321C1120C00AEED27 /* Main.storyboard */ = {
			isa = PBXVariantGroup;
			children = (
				CDE4ECF421C1120C00AEED27 /* Base */,
			);
			name = Main.storyboard;
			sourceTree = "<group>";
		};
		CDE4ECF821C1120E00AEED27 /* LaunchScreen.storyboard */ = {
			isa = PBXVariantGroup;
			children = (
				CDE4ECF921C1120E00AEED27 /* Base */,
			);
			name = LaunchScreen.storyboard;
			sourceTree = "<group>";
		};
/* End PBXVariantGroup section */

/* Begin XCBuildConfiguration section */
		CDD4F7EC21D226E500FCD6A4 /* Debug */ = {
			isa = XCBuildConfiguration;
			baseConfigurationReference = 34D1F90C49537E99CDFC5683 /* Pods-khala.iOSTests.debug.xcconfig */;
			buildSettings = {
				BUNDLE_LOADER = "$(TEST_HOST)";
				CODE_SIGN_IDENTITY = "iPhone Developer";
				CODE_SIGN_STYLE = Automatic;
				DEVELOPMENT_TEAM = 3L8RM3MDLS;
				INFOPLIST_FILE = khala.iOSTests/Info.plist;
				IPHONEOS_DEPLOYMENT_TARGET = 12.1;
				LD_RUNPATH_SEARCH_PATHS = (
					"$(inherited)",
					"@executable_path/Frameworks",
					"@loader_path/Frameworks",
				);
				PRODUCT_BUNDLE_IDENTIFIER = "com.linhey.www.khala-iOSTests";
				PRODUCT_NAME = "$(TARGET_NAME)";
				SDKROOT = iphoneos;
				SWIFT_VERSION = 4.2;
				TARGETED_DEVICE_FAMILY = "1,2";
				TEST_HOST = "$(BUILT_PRODUCTS_DIR)/khala.iOS.app/khala.iOS";
			};
			name = Debug;
		};
		CDD4F7ED21D226E500FCD6A4 /* Release */ = {
			isa = XCBuildConfiguration;
			baseConfigurationReference = 36AB1F43A0F16742CB94301F /* Pods-khala.iOSTests.release.xcconfig */;
			buildSettings = {
				BUNDLE_LOADER = "$(TEST_HOST)";
				CODE_SIGN_IDENTITY = "iPhone Developer";
				CODE_SIGN_STYLE = Automatic;
				DEVELOPMENT_TEAM = 3L8RM3MDLS;
				INFOPLIST_FILE = khala.iOSTests/Info.plist;
				IPHONEOS_DEPLOYMENT_TARGET = 12.1;
				LD_RUNPATH_SEARCH_PATHS = (
					"$(inherited)",
					"@executable_path/Frameworks",
					"@loader_path/Frameworks",
				);
				PRODUCT_BUNDLE_IDENTIFIER = "com.linhey.www.khala-iOSTests";
				PRODUCT_NAME = "$(TARGET_NAME)";
				SDKROOT = iphoneos;
				SWIFT_VERSION = 4.2;
				TARGETED_DEVICE_FAMILY = "1,2";
				TEST_HOST = "$(BUILT_PRODUCTS_DIR)/khala.iOS.app/khala.iOS";
				VALIDATE_PRODUCT = YES;
			};
			name = Release;
		};
		CDE4ECFC21C1120E00AEED27 /* Debug */ = {
			isa = XCBuildConfiguration;
			baseConfigurationReference = C86B70342F24B3DB2586AD56 /* Pods-khala.iOS.debug.xcconfig */;
			buildSettings = {
				ASSETCATALOG_COMPILER_APPICON_NAME = AppIcon;
				CODE_SIGN_IDENTITY = "iPhone Developer";
				CODE_SIGN_STYLE = Automatic;
				DEVELOPMENT_TEAM = 3L8RM3MDLS;
				INFOPLIST_FILE = khala.iOS/Info.plist;
				IPHONEOS_DEPLOYMENT_TARGET = 12.1;
				LD_RUNPATH_SEARCH_PATHS = (
					"$(inherited)",
					"@executable_path/Frameworks",
				);
				PRODUCT_BUNDLE_IDENTIFIER = "com.linhey.www.khala-iOS";
				PRODUCT_NAME = "$(TARGET_NAME)";
				SDKROOT = iphoneos;
				SWIFT_VERSION = 4.2;
				TARGETED_DEVICE_FAMILY = "1,2";
			};
			name = Debug;
		};
		CDE4ECFD21C1120E00AEED27 /* Release */ = {
			isa = XCBuildConfiguration;
			baseConfigurationReference = 485C404C7F7135058936AA56 /* Pods-khala.iOS.release.xcconfig */;
			buildSettings = {
				ASSETCATALOG_COMPILER_APPICON_NAME = AppIcon;
				CODE_SIGN_IDENTITY = "iPhone Developer";
				CODE_SIGN_STYLE = Automatic;
				DEVELOPMENT_TEAM = 3L8RM3MDLS;
				INFOPLIST_FILE = khala.iOS/Info.plist;
				IPHONEOS_DEPLOYMENT_TARGET = 12.1;
				LD_RUNPATH_SEARCH_PATHS = (
					"$(inherited)",
					"@executable_path/Frameworks",
				);
				PRODUCT_BUNDLE_IDENTIFIER = "com.linhey.www.khala-iOS";
				PRODUCT_NAME = "$(TARGET_NAME)";
				SDKROOT = iphoneos;
				SWIFT_VERSION = 4.2;
				TARGETED_DEVICE_FAMILY = "1,2";
				VALIDATE_PRODUCT = YES;
			};
			name = Release;
		};
		CDF405A221A29ABE003758C2 /* Debug */ = {
			isa = XCBuildConfiguration;
			buildSettings = {
				ALWAYS_SEARCH_USER_PATHS = NO;
				CLANG_ANALYZER_NONNULL = YES;
				CLANG_ANALYZER_NUMBER_OBJECT_CONVERSION = YES_AGGRESSIVE;
				CLANG_CXX_LANGUAGE_STANDARD = "gnu++14";
				CLANG_CXX_LIBRARY = "libc++";
				CLANG_ENABLE_MODULES = YES;
				CLANG_ENABLE_OBJC_ARC = YES;
				CLANG_ENABLE_OBJC_WEAK = YES;
				CLANG_WARN_BLOCK_CAPTURE_AUTORELEASING = YES;
				CLANG_WARN_BOOL_CONVERSION = YES;
				CLANG_WARN_COMMA = YES;
				CLANG_WARN_CONSTANT_CONVERSION = YES;
				CLANG_WARN_DEPRECATED_OBJC_IMPLEMENTATIONS = YES;
				CLANG_WARN_DIRECT_OBJC_ISA_USAGE = YES_ERROR;
				CLANG_WARN_DOCUMENTATION_COMMENTS = YES;
				CLANG_WARN_EMPTY_BODY = YES;
				CLANG_WARN_ENUM_CONVERSION = YES;
				CLANG_WARN_INFINITE_RECURSION = YES;
				CLANG_WARN_INT_CONVERSION = YES;
				CLANG_WARN_NON_LITERAL_NULL_CONVERSION = YES;
				CLANG_WARN_OBJC_IMPLICIT_RETAIN_SELF = YES;
				CLANG_WARN_OBJC_LITERAL_CONVERSION = YES;
				CLANG_WARN_OBJC_ROOT_CLASS = YES_ERROR;
				CLANG_WARN_RANGE_LOOP_ANALYSIS = YES;
				CLANG_WARN_STRICT_PROTOTYPES = YES;
				CLANG_WARN_SUSPICIOUS_MOVE = YES;
				CLANG_WARN_UNGUARDED_AVAILABILITY = YES_AGGRESSIVE;
				CLANG_WARN_UNREACHABLE_CODE = YES;
				CLANG_WARN__DUPLICATE_METHOD_MATCH = YES;
				CODE_SIGN_IDENTITY = "Mac Developer";
				COPY_PHASE_STRIP = NO;
				DEBUG_INFORMATION_FORMAT = dwarf;
				ENABLE_STRICT_OBJC_MSGSEND = YES;
				ENABLE_TESTABILITY = YES;
				GCC_C_LANGUAGE_STANDARD = gnu11;
				GCC_DYNAMIC_NO_PIC = NO;
				GCC_NO_COMMON_BLOCKS = YES;
				GCC_OPTIMIZATION_LEVEL = 0;
				GCC_PREPROCESSOR_DEFINITIONS = (
					"DEBUG=1",
					"$(inherited)",
				);
				GCC_WARN_64_TO_32_BIT_CONVERSION = YES;
				GCC_WARN_ABOUT_RETURN_TYPE = YES_ERROR;
				GCC_WARN_UNDECLARED_SELECTOR = YES;
				GCC_WARN_UNINITIALIZED_AUTOS = YES_AGGRESSIVE;
				GCC_WARN_UNUSED_FUNCTION = YES;
				GCC_WARN_UNUSED_VARIABLE = YES;
				MACOSX_DEPLOYMENT_TARGET = 10.14;
				MTL_ENABLE_DEBUG_INFO = INCLUDE_SOURCE;
				MTL_FAST_MATH = YES;
				ONLY_ACTIVE_ARCH = YES;
				SDKROOT = macosx;
				SWIFT_ACTIVE_COMPILATION_CONDITIONS = DEBUG;
				SWIFT_OPTIMIZATION_LEVEL = "-Onone";
			};
			name = Debug;
		};
		CDF405A321A29ABE003758C2 /* Release */ = {
			isa = XCBuildConfiguration;
			buildSettings = {
				ALWAYS_SEARCH_USER_PATHS = NO;
				CLANG_ANALYZER_NONNULL = YES;
				CLANG_ANALYZER_NUMBER_OBJECT_CONVERSION = YES_AGGRESSIVE;
				CLANG_CXX_LANGUAGE_STANDARD = "gnu++14";
				CLANG_CXX_LIBRARY = "libc++";
				CLANG_ENABLE_MODULES = YES;
				CLANG_ENABLE_OBJC_ARC = YES;
				CLANG_ENABLE_OBJC_WEAK = YES;
				CLANG_WARN_BLOCK_CAPTURE_AUTORELEASING = YES;
				CLANG_WARN_BOOL_CONVERSION = YES;
				CLANG_WARN_COMMA = YES;
				CLANG_WARN_CONSTANT_CONVERSION = YES;
				CLANG_WARN_DEPRECATED_OBJC_IMPLEMENTATIONS = YES;
				CLANG_WARN_DIRECT_OBJC_ISA_USAGE = YES_ERROR;
				CLANG_WARN_DOCUMENTATION_COMMENTS = YES;
				CLANG_WARN_EMPTY_BODY = YES;
				CLANG_WARN_ENUM_CONVERSION = YES;
				CLANG_WARN_INFINITE_RECURSION = YES;
				CLANG_WARN_INT_CONVERSION = YES;
				CLANG_WARN_NON_LITERAL_NULL_CONVERSION = YES;
				CLANG_WARN_OBJC_IMPLICIT_RETAIN_SELF = YES;
				CLANG_WARN_OBJC_LITERAL_CONVERSION = YES;
				CLANG_WARN_OBJC_ROOT_CLASS = YES_ERROR;
				CLANG_WARN_RANGE_LOOP_ANALYSIS = YES;
				CLANG_WARN_STRICT_PROTOTYPES = YES;
				CLANG_WARN_SUSPICIOUS_MOVE = YES;
				CLANG_WARN_UNGUARDED_AVAILABILITY = YES_AGGRESSIVE;
				CLANG_WARN_UNREACHABLE_CODE = YES;
				CLANG_WARN__DUPLICATE_METHOD_MATCH = YES;
				CODE_SIGN_IDENTITY = "Mac Developer";
				COPY_PHASE_STRIP = NO;
				DEBUG_INFORMATION_FORMAT = "dwarf-with-dsym";
				ENABLE_NS_ASSERTIONS = NO;
				ENABLE_STRICT_OBJC_MSGSEND = YES;
				GCC_C_LANGUAGE_STANDARD = gnu11;
				GCC_NO_COMMON_BLOCKS = YES;
				GCC_WARN_64_TO_32_BIT_CONVERSION = YES;
				GCC_WARN_ABOUT_RETURN_TYPE = YES_ERROR;
				GCC_WARN_UNDECLARED_SELECTOR = YES;
				GCC_WARN_UNINITIALIZED_AUTOS = YES_AGGRESSIVE;
				GCC_WARN_UNUSED_FUNCTION = YES;
				GCC_WARN_UNUSED_VARIABLE = YES;
				MACOSX_DEPLOYMENT_TARGET = 10.14;
				MTL_ENABLE_DEBUG_INFO = NO;
				MTL_FAST_MATH = YES;
				SDKROOT = macosx;
				SWIFT_COMPILATION_MODE = wholemodule;
				SWIFT_OPTIMIZATION_LEVEL = "-O";
			};
			name = Release;
		};
/* End XCBuildConfiguration section */

/* Begin XCConfigurationList section */
		CDD4F7EB21D226E500FCD6A4 /* Build configuration list for PBXNativeTarget "khala.iOSTests" */ = {
			isa = XCConfigurationList;
			buildConfigurations = (
				CDD4F7EC21D226E500FCD6A4 /* Debug */,
				CDD4F7ED21D226E500FCD6A4 /* Release */,
			);
			defaultConfigurationIsVisible = 0;
			defaultConfigurationName = Release;
		};
		CDE4ECFE21C1120E00AEED27 /* Build configuration list for PBXNativeTarget "khala.iOS" */ = {
			isa = XCConfigurationList;
			buildConfigurations = (
				CDE4ECFC21C1120E00AEED27 /* Debug */,
				CDE4ECFD21C1120E00AEED27 /* Release */,
			);
			defaultConfigurationIsVisible = 0;
			defaultConfigurationName = Release;
		};
		CDF4058F21A29ABD003758C2 /* Build configuration list for PBXProject "Khala" */ = {
			isa = XCConfigurationList;
			buildConfigurations = (
				CDF405A221A29ABE003758C2 /* Debug */,
				CDF405A321A29ABE003758C2 /* Release */,
			);
			defaultConfigurationIsVisible = 0;
			defaultConfigurationName = Release;
		};
/* End XCConfigurationList section */
	};
	rootObject = CDF4058C21A29ABD003758C2 /* Project object */;
}
